version = 1
revision = 3
requires-python = ">=3.12, <3.15"
resolution-markers = [
    "python_full_version >= '3.14'",
    "python_full_version < '3.14'",
]

[manifest]
members = [
    "intake-agent-behavior",
    "intake-agent-contracts",
    "intake-agent-foundation",
    "intake-application",
    "intake-domain",
    "intake-mcp",
    "intake-persistence",
    "intake-workers",
]

[[package]]
name = "annotated-types"
version = "0.8.0"
source = { registry = "C:/Users/haduong/.copilot/session-state/e7fe2a5d-6408-4b4e-9f6f-f2f797c59d14/files/wheelhouse" }
wheels = [
    { path = "C:/Users/haduong/.copilot/session-state/e7fe2a5d-6408-4b4e-9f6f-f2f797c59d14/files/wheelhouse/annotated_types-0.8.0-py3-none-any.whl" },
]

[[package]]
name = "anyio"
version = "4.14.2"
source = { registry = "C:/Users/haduong/.copilot/session-state/e7fe2a5d-6408-4b4e-9f6f-f2f797c59d14/files/wheelhouse" }
dependencies = [
    { name = "idna" },
    { name = "typing-extensions", marker = "python_full_version < '3.13'" },
]
wheels = [
    { path = "C:/Users/haduong/.copilot/session-state/e7fe2a5d-6408-4b4e-9f6f-f2f797c59d14/files/wheelhouse/anyio-4.14.2-py3-none-any.whl" },
]

[[package]]
name = "ast-serialize"
version = "0.8.0"
source = { registry = "C:/Users/haduong/.copilot/session-state/e7fe2a5d-6408-4b4e-9f6f-f2f797c59d14/files/wheelhouse" }
wheels = [
    { path = "C:/Users/haduong/.copilot/session-state/e7fe2a5d-6408-4b4e-9f6f-f2f797c59d14/files/wheelhouse/ast_serialize-0.8.0-cp39-abi3-win_amd64.whl" },
]

[[package]]
name = "attrs"
version = "26.1.0"
source = { registry = "C:/Users/haduong/.copilot/session-state/e7fe2a5d-6408-4b4e-9f6f-f2f797c59d14/files/wheelhouse" }
wheels = [
    { path = "C:/Users/haduong/.copilot/session-state/e7fe2a5d-6408-4b4e-9f6f-f2f797c59d14/files/wheelhouse/attrs-26.1.0-py3-none-any.whl" },
]

[[package]]
name = "azure-core"
version = "1.41.0"
source = { registry = "C:/Users/haduong/.copilot/session-state/e7fe2a5d-6408-4b4e-9f6f-f2f797c59d14/files/wheelhouse" }
dependencies = [
    { name = "requests" },
    { name = "typing-extensions" },
]
wheels = [
    { path = "C:/Users/haduong/.copilot/session-state/e7fe2a5d-6408-4b4e-9f6f-f2f797c59d14/files/wheelhouse/azure_core-1.41.0-py3-none-any.whl" },
]

[[package]]
name = "azure-cosmos"
version = "4.16.3"
source = { registry = "C:/Users/haduong/.copilot/session-state/e7fe2a5d-6408-4b4e-9f6f-f2f797c59d14/files/wheelhouse" }
dependencies = [
    { name = "azure-core" },
    { name = "typing-extensions" },
]
wheels = [
    { path = "C:/Users/haduong/.copilot/session-state/e7fe2a5d-6408-4b4e-9f6f-f2f797c59d14/files/wheelhouse/azure_cosmos-4.16.3-py3-none-any.whl" },
]

[[package]]
name = "azure-functions"
version = "1.25.0"
source = { registry = "C:/Users/haduong/.copilot/session-state/e7fe2a5d-6408-4b4e-9f6f-f2f797c59d14/files/wheelhouse" }
dependencies = [
    { name = "werkzeug" },
]
wheels = [
    { path = "C:/Users/haduong/.copilot/session-state/e7fe2a5d-6408-4b4e-9f6f-f2f797c59d14/files/wheelhouse/azure_functions-1.25.0-py3-none-any.whl" },
]

[[package]]
name = "azure-identity"
version = "1.25.3"
source = { registry = "C:/Users/haduong/.copilot/session-state/e7fe2a5d-6408-4b4e-9f6f-f2f797c59d14/files/wheelhouse" }
dependencies = [
    { name = "azure-core" },
    { name = "cryptography" },
    { name = "msal" },
    { name = "msal-extensions" },
    { name = "typing-extensions" },
]
wheels = [
    { path = "C:/Users/haduong/.copilot/session-state/e7fe2a5d-6408-4b4e-9f6f-f2f797c59d14/files/wheelhouse/azure_identity-1.25.3-py3-none-any.whl" },
]

[[package]]
name = "azure-servicebus"
version = "7.14.3"
source = { registry = "C:/Users/haduong/.copilot/session-state/e7fe2a5d-6408-4b4e-9f6f-f2f797c59d14/files/wheelhouse" }
dependencies = [
    { name = "azure-core" },
    { name = "isodate" },
    { name = "typing-extensions" },
]
wheels = [
    { path = "C:/Users/haduong/.copilot/session-state/e7fe2a5d-6408-4b4e-9f6f-f2f797c59d14/files/wheelhouse/azure_servicebus-7.14.3-py3-none-any.whl" },
]

[[package]]
name = "azure-storage-blob"
version = "12.30.0"
source = { registry = "C:/Users/haduong/.copilot/session-state/e7fe2a5d-6408-4b4e-9f6f-f2f797c59d14/files/wheelhouse" }
dependencies = [
    { name = "azure-core" },
    { name = "cryptography" },
    { name = "isodate" },
    { name = "typing-extensions" },
]
wheels = [
    { path = "C:/Users/haduong/.copilot/session-state/e7fe2a5d-6408-4b4e-9f6f-f2f797c59d14/files/wheelhouse/azure_storage_blob-12.30.0-py3-none-any.whl" },
]

[[package]]
name = "certifi"
version = "2026.7.22"
source = { registry = "C:/Users/haduong/.copilot/session-state/e7fe2a5d-6408-4b4e-9f6f-f2f797c59d14/files/wheelhouse" }
wheels = [
    { path = "C:/Users/haduong/.copilot/session-state/e7fe2a5d-6408-4b4e-9f6f-f2f797c59d14/files/wheelhouse/certifi-2026.7.22-py3-none-any.whl" },
]

[[package]]
name = "cffi"
version = "2.1.1"
source = { registry = "C:/Users/haduong/.copilot/session-state/e7fe2a5d-6408-4b4e-9f6f-f2f797c59d14/files/wheelhouse" }
dependencies = [
    { name = "pycparser", marker = "implementation_name != 'PyPy'" },
]
wheels = [
    { path = "C:/Users/haduong/.copilot/session-state/e7fe2a5d-6408-4b4e-9f6f-f2f797c59d14/files/wheelhouse/cffi-2.1.1-cp312-cp312-win_amd64.whl" },
]

[[package]]
name = "charset-normalizer"
version = "3.5.0"
source = { registry = "C:/Users/haduong/.copilot/session-state/e7fe2a5d-6408-4b4e-9f6f-f2f797c59d14/files/wheelhouse" }
wheels = [
    { path = "C:/Users/haduong/.copilot/session-state/e7fe2a5d-6408-4b4e-9f6f-f2f797c59d14/files/wheelhouse/charset_normalizer-3.5.0-cp312-cp312-win_amd64.whl" },
]

[[package]]
name = "click"
version = "8.4.2"
source = { registry = "C:/Users/haduong/.copilot/session-state/e7fe2a5d-6408-4b4e-9f6f-f2f797c59d14/files/wheelhouse" }
dependencies = [
    { name = "colorama", marker = "sys_platform == 'win32'" },
]
wheels = [
    { path = "C:/Users/haduong/.copilot/session-state/e7fe2a5d-6408-4b4e-9f6f-f2f797c59d14/files/wheelhouse/click-8.4.2-py3-none-any.whl" },
]

[[package]]
name = "colorama"
version = "0.4.6"
source = { registry = "C:/Users/haduong/.copilot/session-state/e7fe2a5d-6408-4b4e-9f6f-f2f797c59d14/files/wheelhouse" }
wheels = [
    { path = "C:/Users/haduong/.copilot/session-state/e7fe2a5d-6408-4b4e-9f6f-f2f797c59d14/files/wheelhouse/colorama-0.4.6-py2.py3-none-any.whl" },
]

[[package]]
name = "cryptography"
version = "50.0.0"
source = { registry = "C:/Users/haduong/.copilot/session-state/e7fe2a5d-6408-4b4e-9f6f-f2f797c59d14/files/wheelhouse" }
dependencies = [
    { name = "cffi", marker = "platform_python_implementation != 'PyPy'" },
]
wheels = [
    { path = "C:/Users/haduong/.copilot/session-state/e7fe2a5d-6408-4b4e-9f6f-f2f797c59d14/files/wheelhouse/cryptography-50.0.0-cp311-abi3-win_amd64.whl" },
]

[[package]]
name = "h11"
version = "0.16.0"
source = { registry = "C:/Users/haduong/.copilot/session-state/e7fe2a5d-6408-4b4e-9f6f-f2f797c59d14/files/wheelhouse" }
wheels = [
    { path = "C:/Users/haduong/.copilot/session-state/e7fe2a5d-6408-4b4e-9f6f-f2f797c59d14/files/wheelhouse/h11-0.16.0-py3-none-any.whl" },
]

[[package]]
name = "httpcore2"
version = "2.10.0"
source = { registry = "C:/Users/haduong/.copilot/session-state/e7fe2a5d-6408-4b4e-9f6f-f2f797c59d14/files/wheelhouse" }
dependencies = [
    { name = "h11" },
    { name = "truststore" },
]
wheels = [
    { path = "C:/Users/haduong/.copilot/session-state/e7fe2a5d-6408-4b4e-9f6f-f2f797c59d14/files/wheelhouse/httpcore2-2.10.0-py3-none-any.whl" },
]

[[package]]
name = "httpx2"
version = "2.10.0"
source = { registry = "C:/Users/haduong/.copilot/session-state/e7fe2a5d-6408-4b4e-9f6f-f2f797c59d14/files/wheelhouse" }
dependencies = [
    { name = "anyio", marker = "sys_platform != 'emscripten'" },
    { name = "httpcore2", marker = "sys_platform != 'emscripten'" },
    { name = "httpx2-jsfetch", marker = "sys_platform == 'emscripten'" },
    { name = "idna" },
    { name = "truststore", marker = "sys_platform != 'emscripten'" },
    { name = "typing-extensions", marker = "python_full_version < '3.13'" },
]
wheels = [
    { path = "C:/Users/haduong/.copilot/session-state/e7fe2a5d-6408-4b4e-9f6f-f2f797c59d14/files/wheelhouse/httpx2-2.10.0-py3-none-any.whl" },
]

[[package]]
name = "httpx2-jsfetch"
version = "1.0"
source = { registry = "C:/Users/haduong/.copilot/session-state/e7fe2a5d-6408-4b4e-9f6f-f2f797c59d14/files/wheelhouse" }
wheels = [
    { path = "C:/Users/haduong/.copilot/session-state/e7fe2a5d-6408-4b4e-9f6f-f2f797c59d14/files/wheelhouse/httpx2_jsfetch-1.0-py3-none-any.whl" },
]

[[package]]
name = "idna"
version = "3.18"
source = { registry = "C:/Users/haduong/.copilot/session-state/e7fe2a5d-6408-4b4e-9f6f-f2f797c59d14/files/wheelhouse" }
wheels = [
    { path = "C:/Users/haduong/.copilot/session-state/e7fe2a5d-6408-4b4e-9f6f-f2f797c59d14/files/wheelhouse/idna-3.18-py3-none-any.whl" },
]

[[package]]
name = "iniconfig"
version = "2.3.0"
source = { registry = "C:/Users/haduong/.copilot/session-state/e7fe2a5d-6408-4b4e-9f6f-f2f797c59d14/files/wheelhouse" }
wheels = [
    { path = "C:/Users/haduong/.copilot/session-state/e7fe2a5d-6408-4b4e-9f6f-f2f797c59d14/files/wheelhouse/iniconfig-2.3.0-py3-none-any.whl" },
]

[[package]]
name = "intake-agent-behavior"
version = "1.0.0"
source = { editable = "packages/intake-agent-behavior" }

[[package]]
name = "intake-agent-contracts"
version = "1.0.0"
source = { editable = "packages/intake-agent-contracts" }
dependencies = [
    { name = "pydantic" },
]

[package.metadata]
requires-dist = [{ name = "pydantic", specifier = ">=2.11.0" }]

[[package]]
name = "intake-agent-foundation"
version = "0.1.0"
source = { virtual = "." }
dependencies = [
    { name = "intake-agent-behavior" },
    { name = "intake-agent-contracts" },
    { name = "intake-application" },
    { name = "intake-domain" },
    { name = "intake-mcp" },
    { name = "intake-persistence" },
    { name = "intake-workers" },
]

[package.dev-dependencies]
dev = [
    { name = "mypy" },
    { name = "pytest" },
    { name = "pytest-asyncio" },
    { name = "ruff" },
]

[package.metadata]
requires-dist = [
    { name = "intake-agent-behavior", editable = "packages/intake-agent-behavior" },
    { name = "intake-agent-contracts", editable = "packages/intake-agent-contracts" },
    { name = "intake-application", editable = "packages/intake-application" },
    { name = "intake-domain", editable = "packages/intake-domain" },
    { name = "intake-mcp", editable = "packages/intake-mcp" },
    { name = "intake-persistence", editable = "packages/intake-persistence" },
    { name = "intake-workers", editable = "packages/intake-workers" },
]

[package.metadata.requires-dev]
dev = [
    { name = "mypy", specifier = ">=1.17.0" },
    { name = "pytest", specifier = ">=8.4.0" },
    { name = "pytest-asyncio", specifier = ">=1.1.0" },
    { name = "ruff", specifier = ">=0.12.0" },
]

[[package]]
name = "intake-application"
version = "0.1.0"
source = { editable = "packages/intake-application" }
dependencies = [
    { name = "intake-domain" },
]

[package.metadata]
requires-dist = [{ name = "intake-domain", editable = "packages/intake-domain" }]

[[package]]
name = "intake-domain"
version = "0.1.0"
source = { editable = "packages/intake-domain" }

[[package]]
name = "intake-mcp"
version = "0.1.0"
source = { editable = "packages/intake-mcp" }
dependencies = [
    { name = "intake-agent-contracts" },
    { name = "intake-application" },
    { name = "intake-domain" },
    { name = "intake-persistence" },
    { name = "mcp" },
    { name = "pyjwt", extra = ["crypto"] },
]

[package.metadata]
requires-dist = [
    { name = "intake-agent-contracts", editable = "packages/intake-agent-contracts" },
    { name = "intake-application", editable = "packages/intake-application" },
    { name = "intake-domain", editable = "packages/intake-domain" },
    { name = "intake-persistence", editable = "packages/intake-persistence" },
    { name = "mcp", specifier = ">=2.0.0,<3" },
    { name = "pyjwt", extras = ["crypto"] },
]

[[package]]
name = "intake-persistence"
version = "0.1.0"
source = { editable = "packages/intake-persistence" }
dependencies = [
    { name = "azure-cosmos" },
    { name = "azure-identity" },
    { name = "azure-servicebus" },
    { name = "azure-storage-blob" },
    { name = "intake-domain" },
]

[package.metadata]
requires-dist = [
    { name = "azure-cosmos" },
    { name = "azure-identity" },
    { name = "azure-servicebus" },
    { name = "azure-storage-blob" },
    { name = "intake-domain", editable = "packages/intake-domain" },
]

[[package]]
name = "intake-workers"
version = "0.1.0"
source = { editable = "packages/intake-workers" }
dependencies = [
    { name = "azure-functions" },
    { name = "intake-agent-contracts" },
    { name = "intake-application" },
    { name = "intake-domain" },
    { name = "intake-persistence" },
]

[package.metadata]
requires-dist = [
    { name = "azure-functions", specifier = ">=1.25.0,<2" },
    { name = "intake-agent-contracts", editable = "packages/intake-agent-contracts" },
    { name = "intake-application", editable = "packages/intake-application" },
    { name = "intake-domain", editable = "packages/intake-domain" },
    { name = "intake-persistence", editable = "packages/intake-persistence" },
]

[[package]]
name = "isodate"
version = "0.7.2"
source = { registry = "C:/Users/haduong/.copilot/session-state/e7fe2a5d-6408-4b4e-9f6f-f2f797c59d14/files/wheelhouse" }
wheels = [
    { path = "C:/Users/haduong/.copilot/session-state/e7fe2a5d-6408-4b4e-9f6f-f2f797c59d14/files/wheelhouse/isodate-0.7.2-py3-none-any.whl" },
]

[[package]]
name = "jsonschema"
version = "4.26.0"
source = { registry = "C:/Users/haduong/.copilot/session-state/e7fe2a5d-6408-4b4e-9f6f-f2f797c59d14/files/wheelhouse" }
dependencies = [
    { name = "attrs" },
    { name = "jsonschema-specifications" },
    { name = "referencing" },
    { name = "rpds-py" },
]
wheels = [
    { path = "C:/Users/haduong/.copilot/session-state/e7fe2a5d-6408-4b4e-9f6f-f2f797c59d14/files/wheelhouse/jsonschema-4.26.0-py3-none-any.whl" },
]

[[package]]
name = "jsonschema-specifications"
version = "2025.9.1"
source = { registry = "C:/Users/haduong/.copilot/session-state/e7fe2a5d-6408-4b4e-9f6f-f2f797c59d14/files/wheelhouse" }
dependencies = [
    { name = "referencing" },
]
wheels = [
    { path = "C:/Users/haduong/.copilot/session-state/e7fe2a5d-6408-4b4e-9f6f-f2f797c59d14/files/wheelhouse/jsonschema_specifications-2025.9.1-py3-none-any.whl" },
]

[[package]]
name = "librt"
version = "0.15.0"
source = { registry = "C:/Users/haduong/.copilot/session-state/e7fe2a5d-6408-4b4e-9f6f-f2f797c59d14/files/wheelhouse" }
wheels = [
    { path = "C:/Users/haduong/.copilot/session-state/e7fe2a5d-6408-4b4e-9f6f-f2f797c59d14/files/wheelhouse/librt-0.15.0-cp312-cp312-win_amd64.whl" },
]

[[package]]
name = "markupsafe"
version = "3.0.3"
source = { registry = "C:/Users/haduong/.copilot/session-state/e7fe2a5d-6408-4b4e-9f6f-f2f797c59d14/files/wheelhouse" }
wheels = [
    { path = "C:/Users/haduong/.copilot/session-state/e7fe2a5d-6408-4b4e-9f6f-f2f797c59d14/files/wheelhouse/markupsafe-3.0.3-cp312-cp312-win_amd64.whl" },
]

[[package]]
name = "mcp"
version = "2.0.0"
source = { registry = "C:/Users/haduong/.copilot/session-state/e7fe2a5d-6408-4b4e-9f6f-f2f797c59d14/files/wheelhouse" }
dependencies = [
    { name = "anyio" },
    { name = "httpx2" },
    { name = "jsonschema" },
    { name = "mcp-types" },
    { name = "opentelemetry-api" },
    { name = "pydantic" },
    { name = "pyjwt", extra = ["crypto"] },
    { name = "python-multipart" },
    { name = "pywin32", marker = "sys_platform == 'win32'" },
    { name = "sse-starlette" },
    { name = "starlette" },
    { name = "typing-extensions" },
    { name = "typing-inspection" },
    { name = "uvicorn", marker = "sys_platform != 'emscripten'" },
]
wheels = [
    { path = "C:/Users/haduong/.copilot/session-state/e7fe2a5d-6408-4b4e-9f6f-f2f797c59d14/files/wheelhouse/mcp-2.0.0-py3-none-any.whl" },
]

[[package]]
name = "mcp-types"
version = "2.0.0"
source = { registry = "C:/Users/haduong/.copilot/session-state/e7fe2a5d-6408-4b4e-9f6f-f2f797c59d14/files/wheelhouse" }
dependencies = [
    { name = "pydantic" },
    { name = "typing-extensions" },
]
wheels = [
    { path = "C:/Users/haduong/.copilot/session-state/e7fe2a5d-6408-4b4e-9f6f-f2f797c59d14/files/wheelhouse/mcp_types-2.0.0-py3-none-any.whl" },
]

[[package]]
name = "msal"
version = "1.37.0"
source = { registry = "C:/Users/haduong/.copilot/session-state/e7fe2a5d-6408-4b4e-9f6f-f2f797c59d14/files/wheelhouse" }
dependencies = [
    { name = "cryptography" },
    { name = "pyjwt", extra = ["crypto"] },
    { name = "requests" },
]
wheels = [
    { path = "C:/Users/haduong/.copilot/session-state/e7fe2a5d-6408-4b4e-9f6f-f2f797c59d14/files/wheelhouse/msal-1.37.0-py3-none-any.whl" },
]

[[package]]
name = "msal-extensions"
version = "1.3.1"
source = { registry = "C:/Users/haduong/.copilot/session-state/e7fe2a5d-6408-4b4e-9f6f-f2f797c59d14/files/wheelhouse" }
dependencies = [
    { name = "msal" },
]
wheels = [
    { path = "C:/Users/haduong/.copilot/session-state/e7fe2a5d-6408-4b4e-9f6f-f2f797c59d14/files/wheelhouse/msal_extensions-1.3.1-py3-none-any.whl" },
]

[[package]]
name = "mypy"
version = "2.3.0"
source = { registry = "C:/Users/haduong/.copilot/session-state/e7fe2a5d-6408-4b4e-9f6f-f2f797c59d14/files/wheelhouse" }
dependencies = [
    { name = "ast-serialize" },
    { name = "librt", marker = "platform_python_implementation != 'PyPy'" },
    { name = "mypy-extensions" },
    { name = "pathspec" },
    { name = "typing-extensions" },
]
wheels = [
    { path = "C:/Users/haduong/.copilot/session-state/e7fe2a5d-6408-4b4e-9f6f-f2f797c59d14/files/wheelhouse/mypy-2.3.0-cp312-cp312-win_amd64.whl" },
]

[[package]]
name = "mypy-extensions"
version = "1.1.0"
source = { registry = "C:/Users/haduong/.copilot/session-state/e7fe2a5d-6408-4b4e-9f6f-f2f797c59d14/files/wheelhouse" }
wheels = [
    { path = "C:/Users/haduong/.copilot/session-state/e7fe2a5d-6408-4b4e-9f6f-f2f797c59d14/files/wheelhouse/mypy_extensions-1.1.0-py3-none-any.whl" },
]

[[package]]
name = "opentelemetry-api"
version = "1.44.0"
source = { registry = "C:/Users/haduong/.copilot/session-state/e7fe2a5d-6408-4b4e-9f6f-f2f797c59d14/files/wheelhouse" }
dependencies = [
    { name = "typing-extensions" },
]
wheels = [
    { path = "C:/Users/haduong/.copilot/session-state/e7fe2a5d-6408-4b4e-9f6f-f2f797c59d14/files/wheelhouse/opentelemetry_api-1.44.0-py3-none-any.whl" },
]

[[package]]
name = "packaging"
version = "26.3"
source = { registry = "C:/Users/haduong/.copilot/session-state/e7fe2a5d-6408-4b4e-9f6f-f2f797c59d14/files/wheelhouse" }
wheels = [
    { path = "C:/Users/haduong/.copilot/session-state/e7fe2a5d-6408-4b4e-9f6f-f2f797c59d14/files/wheelhouse/packaging-26.3-py3-none-any.whl" },
]

[[package]]
name = "pathspec"
version = "1.1.1"
source = { registry = "C:/Users/haduong/.copilot/session-state/e7fe2a5d-6408-4b4e-9f6f-f2f797c59d14/files/wheelhouse" }
wheels = [
    { path = "C:/Users/haduong/.copilot/session-state/e7fe2a5d-6408-4b4e-9f6f-f2f797c59d14/files/wheelhouse/pathspec-1.1.1-py3-none-any.whl" },
]

[[package]]
name = "pluggy"
version = "1.6.0"
source = { registry = "C:/Users/haduong/.copilot/session-state/e7fe2a5d-6408-4b4e-9f6f-f2f797c59d14/files/wheelhouse" }
wheels = [
    { path = "C:/Users/haduong/.copilot/session-state/e7fe2a5d-6408-4b4e-9f6f-f2f797c59d14/files/wheelhouse/pluggy-1.6.0-py3-none-any.whl" },
]

[[package]]
name = "pycparser"
version = "3.0"
source = { registry = "C:/Users/haduong/.copilot/session-state/e7fe2a5d-6408-4b4e-9f6f-f2f797c59d14/files/wheelhouse" }
wheels = [
    { path = "C:/Users/haduong/.copilot/session-state/e7fe2a5d-6408-4b4e-9f6f-f2f797c59d14/files/wheelhouse/pycparser-3.0-py3-none-any.whl" },
]

[[package]]
name = "pydantic"
version = "2.13.4"
source = { registry = "C:/Users/haduong/.copilot/session-state/e7fe2a5d-6408-4b4e-9f6f-f2f797c59d14/files/wheelhouse" }
dependencies = [
    { name = "annotated-types" },
    { name = "pydantic-core" },
    { name = "typing-extensions" },
    { name = "typing-inspection" },
]
wheels = [
    { path = "C:/Users/haduong/.copilot/session-state/e7fe2a5d-6408-4b4e-9f6f-f2f797c59d14/files/wheelhouse/pydantic-2.13.4-py3-none-any.whl" },
]

[[package]]
name = "pydantic-core"
version = "2.46.4"
source = { registry = "C:/Users/haduong/.copilot/session-state/e7fe2a5d-6408-4b4e-9f6f-f2f797c59d14/files/wheelhouse" }
dependencies = [
    { name = "typing-extensions" },
]
wheels = [
    { path = "C:/Users/haduong/.copilot/session-state/e7fe2a5d-6408-4b4e-9f6f-f2f797c59d14/files/wheelhouse/pydantic_core-2.46.4-cp312-cp312-win_amd64.whl" },
]

[[package]]
name = "pygments"
version = "2.20.0"
source = { registry = "C:/Users/haduong/.copilot/session-state/e7fe2a5d-6408-4b4e-9f6f-f2f797c59d14/files/wheelhouse" }
wheels = [
    { path = "C:/Users/haduong/.copilot/session-state/e7fe2a5d-6408-4b4e-9f6f-f2f797c59d14/files/wheelhouse/pygments-2.20.0-py3-none-any.whl" },
]

[[package]]
name = "pyjwt"
version = "2.13.0"
source = { registry = "C:/Users/haduong/.copilot/session-state/e7fe2a5d-6408-4b4e-9f6f-f2f797c59d14/files/wheelhouse" }
wheels = [
    { path = "C:/Users/haduong/.copilot/session-state/e7fe2a5d-6408-4b4e-9f6f-f2f797c59d14/files/wheelhouse/pyjwt-2.13.0-py3-none-any.whl" },
]

[package.optional-dependencies]
crypto = [
    { name = "cryptography" },
]

[[package]]
name = "pytest"
version = "9.1.1"
source = { registry = "C:/Users/haduong/.copilot/session-state/e7fe2a5d-6408-4b4e-9f6f-f2f797c59d14/files/wheelhouse" }
dependencies = [
    { name = "colorama", marker = "sys_platform == 'win32'" },
    { name = "iniconfig" },
    { name = "packaging" },
    { name = "pluggy" },
    { name = "pygments" },
]
wheels = [
    { path = "C:/Users/haduong/.copilot/session-state/e7fe2a5d-6408-4b4e-9f6f-f2f797c59d14/files/wheelhouse/pytest-9.1.1-py3-none-any.whl" },
]

[[package]]
name = "pytest-asyncio"
version = "1.4.0"
source = { registry = "C:/Users/haduong/.copilot/session-state/e7fe2a5d-6408-4b4e-9f6f-f2f797c59d14/files/wheelhouse" }
dependencies = [
    { name = "pytest" },
    { name = "typing-extensions", marker = "python_full_version < '3.13'" },
]
wheels = [
    { path = "C:/Users/haduong/.copilot/session-state/e7fe2a5d-6408-4b4e-9f6f-f2f797c59d14/files/wheelhouse/pytest_asyncio-1.4.0-py3-none-any.whl" },
]

[[package]]
name = "python-multipart"
version = "0.0.32"
source = { registry = "C:/Users/haduong/.copilot/session-state/e7fe2a5d-6408-4b4e-9f6f-f2f797c59d14/files/wheelhouse" }
wheels = [
    { path = "C:/Users/haduong/.copilot/session-state/e7fe2a5d-6408-4b4e-9f6f-f2f797c59d14/files/wheelhouse/python_multipart-0.0.32-py3-none-any.whl" },
]

[[package]]
name = "pywin32"
version = "312"
source = { registry = "C:/Users/haduong/.copilot/session-state/e7fe2a5d-6408-4b4e-9f6f-f2f797c59d14/files/wheelhouse" }
wheels = [
    { path = "C:/Users/haduong/.copilot/session-state/e7fe2a5d-6408-4b4e-9f6f-f2f797c59d14/files/wheelhouse/pywin32-312-cp312-cp312-win_amd64.whl" },
]

[[package]]
name = "referencing"
version = "0.37.0"
source = { registry = "C:/Users/haduong/.copilot/session-state/e7fe2a5d-6408-4b4e-9f6f-f2f797c59d14/files/wheelhouse" }
dependencies = [
    { name = "attrs" },
    { name = "rpds-py" },
    { name = "typing-extensions", marker = "python_full_version < '3.13'" },
]
wheels = [
    { path = "C:/Users/haduong/.copilot/session-state/e7fe2a5d-6408-4b4e-9f6f-f2f797c59d14/files/wheelhouse/referencing-0.37.0-py3-none-any.whl" },
]

[[package]]
name = "requests"
version = "2.34.2"
source = { registry = "C:/Users/haduong/.copilot/session-state/e7fe2a5d-6408-4b4e-9f6f-f2f797c59d14/files/wheelhouse" }
dependencies = [
    { name = "certifi" },
    { name = "charset-normalizer" },
    { name = "idna" },
    { name = "urllib3" },
]
wheels = [
    { path = "C:/Users/haduong/.copilot/session-state/e7fe2a5d-6408-4b4e-9f6f-f2f797c59d14/files/wheelhouse/requests-2.34.2-py3-none-any.whl" },
]

[[package]]
name = "rpds-py"
version = "2026.6.3"
source = { registry = "C:/Users/haduong/.copilot/session-state/e7fe2a5d-6408-4b4e-9f6f-f2f797c59d14/files/wheelhouse" }
wheels = [
    { path = "C:/Users/haduong/.copilot/session-state/e7fe2a5d-6408-4b4e-9f6f-f2f797c59d14/files/wheelhouse/rpds_py-2026.6.3-cp312-cp312-win_amd64.whl" },
]

[[package]]
name = "ruff"
version = "0.16.2"
source = { registry = "C:/Users/haduong/.copilot/session-state/e7fe2a5d-6408-4b4e-9f6f-f2f797c59d14/files/wheelhouse" }
wheels = [
    { path = "C:/Users/haduong/.copilot/session-state/e7fe2a5d-6408-4b4e-9f6f-f2f797c59d14/files/wheelhouse/ruff-0.16.2-py3-none-win_amd64.whl" },
]

[[package]]
name = "sse-starlette"
version = "3.4.8"
source = { registry = "C:/Users/haduong/.copilot/session-state/e7fe2a5d-6408-4b4e-9f6f-f2f797c59d14/files/wheelhouse" }
dependencies = [
    { name = "anyio" },
    { name = "starlette" },
]
wheels = [
    { path = "C:/Users/haduong/.copilot/session-state/e7fe2a5d-6408-4b4e-9f6f-f2f797c59d14/files/wheelhouse/sse_starlette-3.4.8-py3-none-any.whl" },
]

[[package]]
name = "starlette"
version = "1.6.0"
source = { registry = "C:/Users/haduong/.copilot/session-state/e7fe2a5d-6408-4b4e-9f6f-f2f797c59d14/files/wheelhouse" }
dependencies = [
    { name = "anyio" },
    { name = "typing-extensions", marker = "python_full_version < '3.13'" },
]
wheels = [
    { path = "C:/Users/haduong/.copilot/session-state/e7fe2a5d-6408-4b4e-9f6f-f2f797c59d14/files/wheelhouse/starlette-1.6.0-py3-none-any.whl" },
]

[[package]]
name = "truststore"
version = "0.10.4"
source = { registry = "C:/Users/haduong/.copilot/session-state/e7fe2a5d-6408-4b4e-9f6f-f2f797c59d14/files/wheelhouse" }
wheels = [
    { path = "C:/Users/haduong/.copilot/session-state/e7fe2a5d-6408-4b4e-9f6f-f2f797c59d14/files/wheelhouse/truststore-0.10.4-py3-none-any.whl" },
]

[[package]]
name = "typing-extensions"
version = "4.16.0"
source = { registry = "C:/Users/haduong/.copilot/session-state/e7fe2a5d-6408-4b4e-9f6f-f2f797c59d14/files/wheelhouse" }
wheels = [
    { path = "C:/Users/haduong/.copilot/session-state/e7fe2a5d-6408-4b4e-9f6f-f2f797c59d14/files/wheelhouse/typing_extensions-4.16.0-py3-none-any.whl" },
]

[[package]]
name = "typing-inspection"
version = "0.4.4"
source = { registry = "C:/Users/haduong/.copilot/session-state/e7fe2a5d-6408-4b4e-9f6f-f2f797c59d14/files/wheelhouse" }
dependencies = [
    { name = "typing-extensions" },
]
wheels = [
    { path = "C:/Users/haduong/.copilot/session-state/e7fe2a5d-6408-4b4e-9f6f-f2f797c59d14/files/wheelhouse/typing_inspection-0.4.4-py3-none-any.whl" },
]

[[package]]
name = "urllib3"
version = "2.7.0"
source = { registry = "C:/Users/haduong/.copilot/session-state/e7fe2a5d-6408-4b4e-9f6f-f2f797c59d14/files/wheelhouse" }
wheels = [
    { path = "C:/Users/haduong/.copilot/session-state/e7fe2a5d-6408-4b4e-9f6f-f2f797c59d14/files/wheelhouse/urllib3-2.7.0-py3-none-any.whl" },
]

[[package]]
name = "uvicorn"
version = "0.52.1"
source = { registry = "C:/Users/haduong/.copilot/session-state/e7fe2a5d-6408-4b4e-9f6f-f2f797c59d14/files/wheelhouse" }
dependencies = [
    { name = "click" },
    { name = "h11" },
]
wheels = [
    { path = "C:/Users/haduong/.copilot/session-state/e7fe2a5d-6408-4b4e-9f6f-f2f797c59d14/files/wheelhouse/uvicorn-0.52.1-py3-none-any.whl" },
]

[[package]]
name = "werkzeug"
version = "3.1.8"
source = { registry = "C:/Users/haduong/.copilot/session-state/e7fe2a5d-6408-4b4e-9f6f-f2f797c59d14/files/wheelhouse" }
dependencies = [
    { name = "markupsafe" },
]
wheels = [
    { path = "C:/Users/haduong/.copilot/session-state/e7fe2a5d-6408-4b4e-9f6f-f2f797c59d14/files/wheelhouse/werkzeug-3.1.8-py3-none-any.whl" },
]
